
Microsoft Visual Studio Solution File, Format Version 12.00
# Visual Studio 15
VisualStudioVersion = 15.0.28307.489
MinimumVisualStudioVersion = 10.0.40219.1
Project("{FAE04EC0-301F-11D3-BF4B-00C04F79EFBC}") = "WorldSeriesChampions", "WorldSeriesChampions\WorldSeriesChampions.csproj", "{4F36F0BF-F628-4D9F-90D2-483A445276F2}"
EndProject
Global
	GlobalSection(SolutionConfigurationPlatforms) = preSolution
		Debug|Any CPU = Debug|Any CPU
		Release|Any CPU = Release|Any CPU
	EndGlobalSection
	GlobalSection(ProjectConfigurationPlatforms) = postSolution
		{4F36F0BF-F628-4D9F-90D2-483A445276F2}.Debug|Any CPU.ActiveCfg = Debug|Any CPU
		{4F36F0BF-F628-4D9F-90D2-483A445276F2}.Debug|Any CPU.Build.0 = Debug|Any CPU
		{4F36F0BF-F628-4D9F-90D2-483A445276F2}.Release|Any CPU.ActiveCfg = Release|Any CPU
		{4F36F0BF-F628-4D9F-90D2-483A445276F2}.Release|Any CPU.Build.0 = Release|Any CPU
	EndGlobalSection
	GlobalSection(SolutionProperties) = preSolution
		HideSolutionNode = FALSE
	EndGlobalSection
	GlobalSection(ExtensibilityGlobals) = postSolution
		SolutionGuid = {7FA8D8B5-D7E0-4FA5-91A4-F4CDF7037A38}
	EndGlobalSection
EndGlobal
